
Microsoft Visual Studio Solution File, Format Version 12.00
# Visual Studio Version 17
VisualStudioVersion = 17.11.35327.3
MinimumVisualStudioVersion = 10.0.40219.1
Project("{9A19103F-16F7-4668-BE54-9A1E7A4F7556}") = "LazyDependencyInjection", "LazyDependencyInjection\LazyDependencyInjection.csproj", "{42EE05FB-B6BC-43A9-B0E6-07ED1172AFDA}"
EndProject
Project("{9A19103F-16F7-4668-BE54-9A1E7A4F7556}") = "Example", "Example\Example.csproj", "{1AC5F034-731B-49C2-9842-7EFF06FACBEC}"
EndProject
Project("{2150E333-8FDC-42A3-9474-1A3956D46DE8}") = "Solution Items", "Solution Items", "{E5B238FC-94B7-4383-B2E7-FE63381CAA1A}"
	ProjectSection(SolutionItems) = preProject
		.gitignore = .gitignore
		dgrm.png = dgrm.png
		LazyDependencyInjection.snk = LazyDependencyInjection.snk
		LICENSE = LICENSE
		pack.ps1 = pack.ps1
		README.md = README.md
	EndProjectSection
EndProject
Global
	GlobalSection(SolutionConfigurationPlatforms) = preSolution
		Debug|Any CPU = Debug|Any CPU
		Release|Any CPU = Release|Any CPU
	EndGlobalSection
	GlobalSection(ProjectConfigurationPlatforms) = postSolution
		{42EE05FB-B6BC-43A9-B0E6-07ED1172AFDA}.Debug|Any CPU.ActiveCfg = Debug|Any CPU
		{42EE05FB-B6BC-43A9-B0E6-07ED1172AFDA}.Debug|Any CPU.Build.0 = Debug|Any CPU
		{42EE05FB-B6BC-43A9-B0E6-07ED1172AFDA}.Release|Any CPU.ActiveCfg = Release|Any CPU
		{42EE05FB-B6BC-43A9-B0E6-07ED1172AFDA}.Release|Any CPU.Build.0 = Release|Any CPU
		{1AC5F034-731B-49C2-9842-7EFF06FACBEC}.Debug|Any CPU.ActiveCfg = Debug|Any CPU
		{1AC5F034-731B-49C2-9842-7EFF06FACBEC}.Debug|Any CPU.Build.0 = Debug|Any CPU
		{1AC5F034-731B-49C2-9842-7EFF06FACBEC}.Release|Any CPU.ActiveCfg = Release|Any CPU
		{1AC5F034-731B-49C2-9842-7EFF06FACBEC}.Release|Any CPU.Build.0 = Release|Any CPU
	EndGlobalSection
	GlobalSection(SolutionProperties) = preSolution
		HideSolutionNode = FALSE
	EndGlobalSection
	GlobalSection(ExtensibilityGlobals) = postSolution
		SolutionGuid = {F3E38A2B-2030-4522-B4C3-0DE7ED663EA3}
	EndGlobalSection
EndGlobal
